# This file is autogenerated, do not edit; changes may be undone by the next 'dep ensure'.


[[projects]]
  digest = "1:e49fec8537ec021eeb41d394684bce0365c8db14c8099215f7b509189ddb5852"
  name = "github.com/antonholmquist/jason"
  packages = ["."]
  pruneopts = "UT"
  revision = "c23cef7eaa75a6a5b8810120e167bd590d8fd2ab"
  version = "v1.0.0"

[solve-meta]
  analyzer-name = "dep"
  analyzer-version = 1
  input-imports = ["github.com/antonholmquist/jason"]
  solver-name = "gps-cdcl"
  solver-version = 1
